
Microsoft Visual Studio Solution File, Format Version 12.00
# Visual Studio Version 16
VisualStudioVersion = 16.0.31613.86
MinimumVisualStudioVersion = 10.0.40219.1
Project("{9A19103F-16F7-4668-BE54-9A1E7A4F7556}") = "IntegraControlsXL", "IntegraControlsXL\IntegraControlsXL.csproj", "{3676B663-9C71-47CD-A66C-E2557B69D65D}"
EndProject
Project("{FAE04EC0-301F-11D3-BF4B-00C04F79EFBC}") = "Examples", "Examples\Examples.csproj", "{5A7EBEDE-7AD6-45F8-B2E9-77C5BCFDCF0A}"
EndProject
Global
	GlobalSection(SolutionConfigurationPlatforms) = preSolution
		Debug|Any CPU = Debug|Any CPU
		Release|Any CPU = Release|Any CPU
	EndGlobalSection
	GlobalSection(ProjectConfigurationPlatforms) = postSolution
		{3676B663-9C71-47CD-A66C-E2557B69D65D}.Debug|Any CPU.ActiveCfg = Debug|Any CPU
		{3676B663-9C71-47CD-A66C-E2557B69D65D}.Debug|Any CPU.Build.0 = Debug|Any CPU
		{3676B663-9C71-47CD-A66C-E2557B69D65D}.Release|Any CPU.ActiveCfg = Release|Any CPU
		{3676B663-9C71-47CD-A66C-E2557B69D65D}.Release|Any CPU.Build.0 = Release|Any CPU
		{5A7EBEDE-7AD6-45F8-B2E9-77C5BCFDCF0A}.Debug|Any CPU.ActiveCfg = Debug|Any CPU
		{5A7EBEDE-7AD6-45F8-B2E9-77C5BCFDCF0A}.Debug|Any CPU.Build.0 = Debug|Any CPU
		{5A7EBEDE-7AD6-45F8-B2E9-77C5BCFDCF0A}.Release|Any CPU.ActiveCfg = Release|Any CPU
		{5A7EBEDE-7AD6-45F8-B2E9-77C5BCFDCF0A}.Release|Any CPU.Build.0 = Release|Any CPU
	EndGlobalSection
	GlobalSection(SolutionProperties) = preSolution
		HideSolutionNode = FALSE
	EndGlobalSection
	GlobalSection(ExtensibilityGlobals) = postSolution
		SolutionGuid = {8C0C904D-1392-4542-BD69-1F79B6BA7D2A}
	EndGlobalSection
EndGlobal
